// !$*UTF8*$!
{
	archiveVersion = 1;
	classes = {
	};
	objectVersion = 50;
	objects = {

/* Begin PBXBuildFile section */
		9BC8AF1923F609B70099BE9B /* main.swift in Sources */ = {isa = PBXBuildFile; fileRef = 9BC8AF1823F609B70099BE9B /* main.swift */; };
		9BC8AF2023F60A3A0099BE9B /* Bill.swift in Sources */ = {isa = PBXBuildFile; fileRef = 9BC8AF1F23F60A3A0099BE9B /* Bill.swift */; };
		9BC8AF2223F60D360099BE9B /* Internet.swift in Sources */ = {isa = PBXBuildFile; fileRef = 9BC8AF2123F60D360099BE9B /* Internet.swift */; };
		9BC8AF2423F6132C0099BE9B /* Mobile.swift in Sources */ = {isa = PBXBuildFile; fileRef = 9BC8AF2323F6132C0099BE9B /* Mobile.swift */; };
		9BC8AF2623F617210099BE9B /* Hydro.swift in Sources */ = {isa = PBXBuildFile; fileRef = 9BC8AF2523F617210099BE9B /* Hydro.swift */; };
		9BC8AF2823F6181F0099BE9B /* Customer.swift in Sources */ = {isa = PBXBuildFile; fileRef = 9BC8AF2723F6181F0099BE9B /* Customer.swift */; };
/* End PBXBuildFile section */

/* Begin PBXCopyFilesBuildPhase section */
		9BC8AF1323F609B70099BE9B /* CopyFiles */ = {
			isa = PBXCopyFilesBuildPhase;
			buildActionMask = 2147483647;
			dstPath = /usr/share/man/man1/;
			dstSubfolderSpec = 0;
			files = (
			);
			runOnlyForDeploymentPostprocessing = 1;
		};
/* End PBXCopyFilesBuildPhase section */

/* Begin PBXFileReference section */
		9BC8AF1523F609B70099BE9B /* CO775497_W2020_MID_TERM_MAD3004 a */ = {isa = PBXFileReference; explicitFileType = "compiled.mach-o.executable"; includeInIndex = 0; path = "CO775497_W2020_MID_TERM_MAD3004 a"; sourceTree = BUILT_PRODUCTS_DIR; };
		9BC8AF1823F609B70099BE9B /* main.swift */ = {isa = PBXFileReference; lastKnownFileType = sourcecode.swift; path = main.swift; sourceTree = "<group>"; };
		9BC8AF1F23F60A3A0099BE9B /* Bill.swift */ = {isa = PBXFileReference; lastKnownFileType = sourcecode.swift; path = Bill.swift; sourceTree = "<group>"; };
		9BC8AF2123F60D360099BE9B /* Internet.swift */ = {isa = PBXFileReference; lastKnownFileType = sourcecode.swift; path = Internet.swift; sourceTree = "<group>"; };
		9BC8AF2323F6132C0099BE9B /* Mobile.swift */ = {isa = PBXFileReference; lastKnownFileType = sourcecode.swift; path = Mobile.swift; sourceTree = "<group>"; };
		9BC8AF2523F617210099BE9B /* Hydro.swift */ = {isa = PBXFileReference; lastKnownFileType = sourcecode.swift; path = Hydro.swift; sourceTree = "<group>"; };
		9BC8AF2723F6181F0099BE9B /* Customer.swift */ = {isa = PBXFileReference; lastKnownFileType = sourcecode.swift; path = Customer.swift; sourceTree = "<group>"; };
/* End PBXFileReference section */

/* Begin PBXFrameworksBuildPhase section */
		9BC8AF1223F609B70099BE9B /* Frameworks */ = {
			isa = PBXFrameworksBuildPhase;
			buildActionMask = 2147483647;
			files = (
			);
			runOnlyForDeploymentPostprocessing = 0;
		};
/* End PBXFrameworksBuildPhase section */

/* Begin PBXGroup section */
		9BC8AF0C23F609B70099BE9B = {
			isa = PBXGroup;
			children = (
				9BC8AF1723F609B70099BE9B /* CO775497_W2020_MID_TERM_MAD3004 a */,
				9BC8AF1623F609B70099BE9B /* Products */,
			);
			sourceTree = "<group>";
		};
		9BC8AF1623F609B70099BE9B /* Products */ = {
			isa = PBXGroup;
			children = (
				9BC8AF1523F609B70099BE9B /* CO775497_W2020_MID_TERM_MAD3004 a */,
			);
			name = Products;
			sourceTree = "<group>";
		};
		9BC8AF1723F609B70099BE9B /* CO775497_W2020_MID_TERM_MAD3004 a */ = {
			isa = PBXGroup;
			children = (
				9BC8AF1823F609B70099BE9B /* main.swift */,
				9BC8AF1F23F60A3A0099BE9B /* Bill.swift */,
				9BC8AF2123F60D360099BE9B /* Internet.swift */,
				9BC8AF2323F6132C0099BE9B /* Mobile.swift */,
				9BC8AF2523F617210099BE9B /* Hydro.swift */,
				9BC8AF2723F6181F0099BE9B /* Customer.swift */,
			);
			path = "CO775497_W2020_MID_TERM_MAD3004 a";
			sourceTree = "<group>";
		};
/* End PBXGroup section */

/* Begin PBXNativeTarget section */
		9BC8AF1423F609B70099BE9B /* CO775497_W2020_MID_TERM_MAD3004 a */ = {
			isa = PBXNativeTarget;
			buildConfigurationList = 9BC8AF1C23F609B70099BE9B /* Build configuration list for PBXNativeTarget "CO775497_W2020_MID_TERM_MAD3004 a" */;
			buildPhases = (
				9BC8AF1123F609B70099BE9B /* Sources */,
				9BC8AF1223F609B70099BE9B /* Frameworks */,
				9BC8AF1323F609B70099BE9B /* CopyFiles */,
			);
			buildRules = (
			);
			dependencies = (
			);
			name = "CO775497_W2020_MID_TERM_MAD3004 a";
			productName = "CO775497_W2020_MID_TERM_MAD3004 a";
			productReference = 9BC8AF1523F609B70099BE9B /* CO775497_W2020_MID_TERM_MAD3004 a */;
			productType = "com.apple.product-type.tool";
		};
/* End PBXNativeTarget section */

/* Begin PBXProject section */
		9BC8AF0D23F609B70099BE9B /* Project object */ = {
			isa = PBXProject;
			attributes = {
				LastSwiftUpdateCheck = 1130;
				LastUpgradeCheck = 1130;
				ORGANIZATIONNAME = MacStudent;
				TargetAttributes = {
					9BC8AF1423F609B70099BE9B = {
						CreatedOnToolsVersion = 11.3;
					};
				};
			};
			buildConfigurationList = 9BC8AF1023F609B70099BE9B /* Build configuration list for PBXProject "CO775497_W2020_MID_TERM_MAD3004 a" */;
			compatibilityVersion = "Xcode 9.3";
			developmentRegion = en;
			hasScannedForEncodings = 0;
			knownRegions = (
				en,
				Base,
			);
			mainGroup = 9BC8AF0C23F609B70099BE9B;
			productRefGroup = 9BC8AF1623F609B70099BE9B /* Products */;
			projectDirPath = "";
			projectRoot = "";
			targets = (
				9BC8AF1423F609B70099BE9B /* CO775497_W2020_MID_TERM_MAD3004 a */,
			);
		};
/* End PBXProject section */

/* Begin PBXSourcesBuildPhase section */
		9BC8AF1123F609B70099BE9B /* Sources */ = {
			isa = PBXSourcesBuildPhase;
			buildActionMask = 2147483647;
			files = (
				9BC8AF2623F617210099BE9B /* Hydro.swift in Sources */,
				9BC8AF2223F60D360099BE9B /* Internet.swift in Sources */,
				9BC8AF2023F60A3A0099BE9B /* Bill.swift in Sources */,
				9BC8AF2823F6181F0099BE9B /* Customer.swift in Sources */,
				9BC8AF1923F609B70099BE9B /* main.swift in Sources */,
				9BC8AF2423F6132C0099BE9B /* Mobile.swift in Sources */,
			);
			runOnlyForDeploymentPostprocessing = 0;
		};
/* End PBXSourcesBuildPhase section */

/* Begin XCBuildConfiguration section */
		9BC8AF1A23F609B70099BE9B /* Debug */ = {
			isa = XCBuildConfiguration;
			buildSettings = {
				ALWAYS_SEARCH_USER_PATHS = NO;
				CLANG_ANALYZER_NONNULL = YES;
				CLANG_ANALYZER_NUMBER_OBJECT_CONVERSION = YES_AGGRESSIVE;
				CLANG_CXX_LANGUAGE_STANDARD = "gnu++14";
				CLANG_CXX_LIBRARY = "libc++";
				CLANG_ENABLE_MODULES = YES;
				CLANG_ENABLE_OBJC_ARC = YES;
				CLANG_ENABLE_OBJC_WEAK = YES;
				CLANG_WARN_BLOCK_CAPTURE_AUTORELEASING = YES;
				CLANG_WARN_BOOL_CONVERSION = YES;
				CLANG_WARN_COMMA = YES;
				CLANG_WARN_CONSTANT_CONVERSION = YES;
				CLANG_WARN_DEPRECATED_OBJC_IMPLEMENTATIONS = YES;
				CLANG_WARN_DIRECT_OBJC_ISA_USAGE = YES_ERROR;
				CLANG_WARN_DOCUMENTATION_COMMENTS = YES;
				CLANG_WARN_EMPTY_BODY = YES;
				CLANG_WARN_ENUM_CONVERSION = YES;
				CLANG_WARN_INFINITE_RECURSION = YES;
				CLANG_WARN_INT_CONVERSION = YES;
				CLANG_WARN_NON_LITERAL_NULL_CONVERSION = YES;
				CLANG_WARN_OBJC_IMPLICIT_RETAIN_SELF = YES;
				CLANG_WARN_OBJC_LITERAL_CONVERSION = YES;
				CLANG_WARN_OBJC_ROOT_CLASS = YES_ERROR;
				CLANG_WARN_RANGE_LOOP_ANALYSIS = YES;
				CLANG_WARN_STRICT_PROTOTYPES = YES;
				CLANG_WARN_SUSPICIOUS_MOVE = YES;
				CLANG_WARN_UNGUARDED_AVAILABILITY = YES_AGGRESSIVE;
				CLANG_WARN_UNREACHABLE_CODE = YES;
				CLANG_WARN__DUPLICATE_METHOD_MATCH = YES;
				COPY_PHASE_STRIP = NO;
				DEBUG_INFORMATION_FORMAT = dwarf;
				ENABLE_STRICT_OBJC_MSGSEND = YES;
				ENABLE_TESTABILITY = YES;
				GCC_C_LANGUAGE_STANDARD = gnu11;
				GCC_DYNAMIC_NO_PIC = NO;
				GCC_NO_COMMON_BLOCKS = YES;
				GCC_OPTIMIZATION_LEVEL = 0;
				GCC_PREPROCESSOR_DEFINITIONS = (
					"DEBUG=1",
					"$(inherited)",
				);
				GCC_WARN_64_TO_32_BIT_CONVERSION = YES;
				GCC_WARN_ABOUT_RETURN_TYPE = YES_ERROR;
				GCC_WARN_UNDECLARED_SELECTOR = YES;
				GCC_WARN_UNINITIALIZED_AUTOS = YES_AGGRESSIVE;
				GCC_WARN_UNUSED_FUNCTION = YES;
				GCC_WARN_UNUSED_VARIABLE = YES;
				MACOSX_DEPLOYMENT_TARGET = 10.15;
				MTL_ENABLE_DEBUG_INFO = INCLUDE_SOURCE;
				MTL_FAST_MATH = YES;
				ONLY_ACTIVE_ARCH = YES;
				SDKROOT = macosx;
				SWIFT_ACTIVE_COMPILATION_CONDITIONS = DEBUG;
				SWIFT_OPTIMIZATION_LEVEL = "-Onone";
			};
			name = Debug;
		};
		9BC8AF1B23F609B70099BE9B /* Release */ = {
			isa = XCBuildConfiguration;
			buildSettings = {
				ALWAYS_SEARCH_USER_PATHS = NO;
				CLANG_ANALYZER_NONNULL = YES;
				CLANG_ANALYZER_NUMBER_OBJECT_CONVERSION = YES_AGGRESSIVE;
				CLANG_CXX_LANGUAGE_STANDARD = "gnu++14";
				CLANG_CXX_LIBRARY = "libc++";
				CLANG_ENABLE_MODULES = YES;
				CLANG_ENABLE_OBJC_ARC = YES;
				CLANG_ENABLE_OBJC_WEAK = YES;
				CLANG_WARN_BLOCK_CAPTURE_AUTORELEASING = YES;
				CLANG_WARN_BOOL_CONVERSION = YES;
				CLANG_WARN_COMMA = YES;
				CLANG_WARN_CONSTANT_CONVERSION = YES;
				CLANG_WARN_DEPRECATED_OBJC_IMPLEMENTATIONS = YES;
				CLANG_WARN_DIRECT_OBJC_ISA_USAGE = YES_ERROR;
				CLANG_WARN_DOCUMENTATION_COMMENTS = YES;
				CLANG_WARN_EMPTY_BODY = YES;
				CLANG_WARN_ENUM_CONVERSION = YES;
				CLANG_WARN_INFINITE_RECURSION = YES;
				CLANG_WARN_INT_CONVERSION = YES;
				CLANG_WARN_NON_LITERAL_NULL_CONVERSION = YES;
				CLANG_WARN_OBJC_IMPLICIT_RETAIN_SELF = YES;
				CLANG_WARN_OBJC_LITERAL_CONVERSION = YES;
				CLANG_WARN_OBJC_ROOT_CLASS = YES_ERROR;
				CLANG_WARN_RANGE_LOOP_ANALYSIS = YES;
				CLANG_WARN_STRICT_PROTOTYPES = YES;
				CLANG_WARN_SUSPICIOUS_MOVE = YES;
				CLANG_WARN_UNGUARDED_AVAILABILITY = YES_AGGRESSIVE;
				CLANG_WARN_UNREACHABLE_CODE = YES;
				CLANG_WARN__DUPLICATE_METHOD_MATCH = YES;
				COPY_PHASE_STRIP = NO;
				DEBUG_INFORMATION_FORMAT = "dwarf-with-dsym";
				ENABLE_NS_ASSERTIONS = NO;
				ENABLE_STRICT_OBJC_MSGSEND = YES;
				GCC_C_LANGUAGE_STANDARD = gnu11;
				GCC_NO_COMMON_BLOCKS = YES;
				GCC_WARN_64_TO_32_BIT_CONVERSION = YES;
				GCC_WARN_ABOUT_RETURN_TYPE = YES_ERROR;
				GCC_WARN_UNDECLARED_SELECTOR = YES;
				GCC_WARN_UNINITIALIZED_AUTOS = YES_AGGRESSIVE;
				GCC_WARN_UNUSED_FUNCTION = YES;
				GCC_WARN_UNUSED_VARIABLE = YES;
				MACOSX_DEPLOYMENT_TARGET = 10.15;
				MTL_ENABLE_DEBUG_INFO = NO;
				MTL_FAST_MATH = YES;
				SDKROOT = macosx;
				SWIFT_COMPILATION_MODE = wholemodule;
				SWIFT_OPTIMIZATION_LEVEL = "-O";
			};
			name = Release;
		};
		9BC8AF1D23F609B70099BE9B /* Debug */ = {
			isa = XCBuildConfiguration;
			buildSettings = {
				CODE_SIGN_STYLE = Automatic;
				PRODUCT_NAME = "$(TARGET_NAME)";
				SWIFT_VERSION = 5.0;
			};
			name = Debug;
		};
		9BC8AF1E23F609B70099BE9B /* Release */ = {
			isa = XCBuildConfiguration;
			buildSettings = {
				CODE_SIGN_STYLE = Automatic;
				PRODUCT_NAME = "$(TARGET_NAME)";
				SWIFT_VERSION = 5.0;
			};
			name = Release;
		};
/* End XCBuildConfiguration section */

/* Begin XCConfigurationList section */
		9BC8AF1023F609B70099BE9B /* Build configuration list for PBXProject "CO775497_W2020_MID_TERM_MAD3004 a" */ = {
			isa = XCConfigurationList;
			buildConfigurations = (
				9BC8AF1A23F609B70099BE9B /* Debug */,
				9BC8AF1B23F609B70099BE9B /* Release */,
			);
			defaultConfigurationIsVisible = 0;
			defaultConfigurationName = Release;
		};
		9BC8AF1C23F609B70099BE9B /* Build configuration list for PBXNativeTarget "CO775497_W2020_MID_TERM_MAD3004 a" */ = {
			isa = XCConfigurationList;
			buildConfigurations = (
				9BC8AF1D23F609B70099BE9B /* Debug */,
				9BC8AF1E23F609B70099BE9B /* Release */,
			);
			defaultConfigurationIsVisible = 0;
			defaultConfigurationName = Release;
		};
/* End XCConfigurationList section */
	};
	rootObject = 9BC8AF0D23F609B70099BE9B /* Project object */;
}
